// !$*UTF8*$!
{
	archiveVersion = 1;
	classes = {
	};
	objectVersion = 46;
	objects = {

/* Begin PBXBuildFile section */
		D196347121C7B362002F7FBA /* String+Extension.swift in Sources */ = {isa = PBXBuildFile; fileRef = D196347021C7B362002F7FBA /* String+Extension.swift */; };
		D196347321C7B37A002F7FBA /* SwiftyAttributedString.swift in Sources */ = {isa = PBXBuildFile; fileRef = D196347221C7B37A002F7FBA /* SwiftyAttributedString.swift */; };
		D1C438F01EC8A86900B0C021 /* SwiftyAttributedString.framework in Frameworks */ = {isa = PBXBuildFile; fileRef = D1C438E61EC8A86900B0C021 /* SwiftyAttributedString.framework */; };
		D1C438F51EC8A86900B0C021 /* SwiftyAttributedStringTests.swift in Sources */ = {isa = PBXBuildFile; fileRef = D1C438F41EC8A86900B0C021 /* SwiftyAttributedStringTests.swift */; };
		D1C438F71EC8A86900B0C021 /* SwiftyAttributedString.h in Headers */ = {isa = PBXBuildFile; fileRef = D1C438E91EC8A86900B0C021 /* SwiftyAttributedString.h */; settings = {ATTRIBUTES = (Public, ); }; };
		D1C439361EC8AC8A00B0C021 /* Attribute.swift in Sources */ = {isa = PBXBuildFile; fileRef = D1C439331EC8AC8A00B0C021 /* Attribute.swift */; };
		D1C439371EC8AC8A00B0C021 /* NSMutableAttributedString+AttributeExtension.swift in Sources */ = {isa = PBXBuildFile; fileRef = D1C439341EC8AC8A00B0C021 /* NSMutableAttributedString+AttributeExtension.swift */; };
		D1C439381EC8AC8A00B0C021 /* String+AttributeExtension.swift in Sources */ = {isa = PBXBuildFile; fileRef = D1C439351EC8AC8A00B0C021 /* String+AttributeExtension.swift */; };
/* End PBXBuildFile section */

/* Begin PBXContainerItemProxy section */
		D1C438F11EC8A86900B0C021 /* PBXContainerItemProxy */ = {
			isa = PBXContainerItemProxy;
			containerPortal = D1C438DD1EC8A86900B0C021 /* Project object */;
			proxyType = 1;
			remoteGlobalIDString = D1C438E51EC8A86900B0C021;
			remoteInfo = SwiftyAttributedString;
		};
/* End PBXContainerItemProxy section */

/* Begin PBXFileReference section */
		D196347021C7B362002F7FBA /* String+Extension.swift */ = {isa = PBXFileReference; lastKnownFileType = sourcecode.swift; path = "String+Extension.swift"; sourceTree = "<group>"; };
		D196347221C7B37A002F7FBA /* SwiftyAttributedString.swift */ = {isa = PBXFileReference; lastKnownFileType = sourcecode.swift; path = SwiftyAttributedString.swift; sourceTree = "<group>"; };
		D196347721C7B774002F7FBA /* SwiftyAttributedString.framework */ = {isa = PBXFileReference; lastKnownFileType = wrapper.framework; name = SwiftyAttributedString.framework; path = Carthage/Build/iOS/SwiftyAttributedString.framework; sourceTree = "<group>"; };
		D1C438E61EC8A86900B0C021 /* SwiftyAttributedString.framework */ = {isa = PBXFileReference; explicitFileType = wrapper.framework; includeInIndex = 0; path = SwiftyAttributedString.framework; sourceTree = BUILT_PRODUCTS_DIR; };
		D1C438E91EC8A86900B0C021 /* SwiftyAttributedString.h */ = {isa = PBXFileReference; lastKnownFileType = sourcecode.c.h; path = SwiftyAttributedString.h; sourceTree = "<group>"; };
		D1C438EA1EC8A86900B0C021 /* Info.plist */ = {isa = PBXFileReference; lastKnownFileType = text.plist.xml; path = Info.plist; sourceTree = "<group>"; };
		D1C438EF1EC8A86900B0C021 /* SwiftyAttributedStringTests.xctest */ = {isa = PBXFileReference; explicitFileType = wrapper.cfbundle; includeInIndex = 0; path = SwiftyAttributedStringTests.xctest; sourceTree = BUILT_PRODUCTS_DIR; };
		D1C438F41EC8A86900B0C021 /* SwiftyAttributedStringTests.swift */ = {isa = PBXFileReference; lastKnownFileType = sourcecode.swift; path = SwiftyAttributedStringTests.swift; sourceTree = "<group>"; };
		D1C438F61EC8A86900B0C021 /* Info.plist */ = {isa = PBXFileReference; lastKnownFileType = text.plist.xml; path = Info.plist; sourceTree = "<group>"; };
		D1C439331EC8AC8A00B0C021 /* Attribute.swift */ = {isa = PBXFileReference; fileEncoding = 4; lastKnownFileType = sourcecode.swift; path = Attribute.swift; sourceTree = "<group>"; };
		D1C439341EC8AC8A00B0C021 /* NSMutableAttributedString+AttributeExtension.swift */ = {isa = PBXFileReference; fileEncoding = 4; lastKnownFileType = sourcecode.swift; path = "NSMutableAttributedString+AttributeExtension.swift"; sourceTree = "<group>"; };
		D1C439351EC8AC8A00B0C021 /* String+AttributeExtension.swift */ = {isa = PBXFileReference; fileEncoding = 4; lastKnownFileType = sourcecode.swift; path = "String+AttributeExtension.swift"; sourceTree = "<group>"; };
/* End PBXFileReference section */

/* Begin PBXFrameworksBuildPhase section */
		D1C438E21EC8A86900B0C021 /* Frameworks */ = {
			isa = PBXFrameworksBuildPhase;
			buildActionMask = 2147483647;
			files = (
			);
			runOnlyForDeploymentPostprocessing = 0;
		};
		D1C438EC1EC8A86900B0C021 /* Frameworks */ = {
			isa = PBXFrameworksBuildPhase;
			buildActionMask = 2147483647;
			files = (
				D1C438F01EC8A86900B0C021 /* SwiftyAttributedString.framework in Frameworks */,
			);
			runOnlyForDeploymentPostprocessing = 0;
		};
/* End PBXFrameworksBuildPhase section */

/* Begin PBXGroup section */
		D196346F21C7B2E9002F7FBA /* Deprecated */ = {
			isa = PBXGroup;
			children = (
				D1C439331EC8AC8A00B0C021 /* Attribute.swift */,
				D1C439341EC8AC8A00B0C021 /* NSMutableAttributedString+AttributeExtension.swift */,
				D1C439351EC8AC8A00B0C021 /* String+AttributeExtension.swift */,
			);
			path = Deprecated;
			sourceTree = "<group>";
		};
		D196347621C7B774002F7FBA /* Frameworks */ = {
			isa = PBXGroup;
			children = (
				D196347721C7B774002F7FBA /* SwiftyAttributedString.framework */,
			);
			name = Frameworks;
			sourceTree = "<group>";
		};
		D1C438DC1EC8A86900B0C021 = {
			isa = PBXGroup;
			children = (
				D1C438E81EC8A86900B0C021 /* SwiftyAttributedString */,
				D1C438F31EC8A86900B0C021 /* SwiftyAttributedStringTests */,
				D1C438E71EC8A86900B0C021 /* Products */,
				D196347621C7B774002F7FBA /* Frameworks */,
			);
			sourceTree = "<group>";
		};
		D1C438E71EC8A86900B0C021 /* Products */ = {
			isa = PBXGroup;
			children = (
				D1C438E61EC8A86900B0C021 /* SwiftyAttributedString.framework */,
				D1C438EF1EC8A86900B0C021 /* SwiftyAttributedStringTests.xctest */,
			);
			name = Products;
			sourceTree = "<group>";
		};
		D1C438E81EC8A86900B0C021 /* SwiftyAttributedString */ = {
			isa = PBXGroup;
			children = (
				D1C439321EC8AC5100B0C021 /* Sources */,
				D1C438E91EC8A86900B0C021 /* SwiftyAttributedString.h */,
				D1C438EA1EC8A86900B0C021 /* Info.plist */,
			);
			path = SwiftyAttributedString;
			sourceTree = "<group>";
		};
		D1C438F31EC8A86900B0C021 /* SwiftyAttributedStringTests */ = {
			isa = PBXGroup;
			children = (
				D1C438F41EC8A86900B0C021 /* SwiftyAttributedStringTests.swift */,
				D1C438F61EC8A86900B0C021 /* Info.plist */,
			);
			path = SwiftyAttributedStringTests;
			sourceTree = "<group>";
		};
		D1C439321EC8AC5100B0C021 /* Sources */ = {
			isa = PBXGroup;
			children = (
				D196346F21C7B2E9002F7FBA /* Deprecated */,
				D196347021C7B362002F7FBA /* String+Extension.swift */,
				D196347221C7B37A002F7FBA /* SwiftyAttributedString.swift */,
			);
			name = Sources;
			sourceTree = "<group>";
		};
/* End PBXGroup section */

/* Begin PBXHeadersBuildPhase section */
		D1C438E31EC8A86900B0C021 /* Headers */ = {
			isa = PBXHeadersBuildPhase;
			buildActionMask = 2147483647;
			files = (
				D1C438F71EC8A86900B0C021 /* SwiftyAttributedString.h in Headers */,
			);
			runOnlyForDeploymentPostprocessing = 0;
		};
/* End PBXHeadersBuildPhase section */

/* Begin PBXNativeTarget section */
		D1C438E51EC8A86900B0C021 /* SwiftyAttributedString */ = {
			isa = PBXNativeTarget;
			buildConfigurationList = D1C438FA1EC8A86900B0C021 /* Build configuration list for PBXNativeTarget "SwiftyAttributedString" */;
			buildPhases = (
				D1C438E11EC8A86900B0C021 /* Sources */,
				D1C438E21EC8A86900B0C021 /* Frameworks */,
				D1C438E31EC8A86900B0C021 /* Headers */,
				D1C438E41EC8A86900B0C021 /* Resources */,
			);
			buildRules = (
			);
			dependencies = (
			);
			name = SwiftyAttributedString;
			productName = SwiftyAttributedString;
			productReference = D1C438E61EC8A86900B0C021 /* SwiftyAttributedString.framework */;
			productType = "com.apple.product-type.framework";
		};
		D1C438EE1EC8A86900B0C021 /* SwiftyAttributedStringTests */ = {
			isa = PBXNativeTarget;
			buildConfigurationList = D1C438FD1EC8A86900B0C021 /* Build configuration list for PBXNativeTarget "SwiftyAttributedStringTests" */;
			buildPhases = (
				D1C438EB1EC8A86900B0C021 /* Sources */,
				D1C438EC1EC8A86900B0C021 /* Frameworks */,
				D1C438ED1EC8A86900B0C021 /* Resources */,
			);
			buildRules = (
			);
			dependencies = (
				D1C438F21EC8A86900B0C021 /* PBXTargetDependency */,
			);
			name = SwiftyAttributedStringTests;
			productName = SwiftyAttributedStringTests;
			productReference = D1C438EF1EC8A86900B0C021 /* SwiftyAttributedStringTests.xctest */;
			productType = "com.apple.product-type.bundle.unit-test";
		};
/* End PBXNativeTarget section */

/* Begin PBXProject section */
		D1C438DD1EC8A86900B0C021 /* Project object */ = {
			isa = PBXProject;
			attributes = {
				LastSwiftUpdateCheck = 0820;
				LastUpgradeCheck = 1010;
				ORGANIZATIONNAME = "Yuto Akiba";
				TargetAttributes = {
					D1C438E51EC8A86900B0C021 = {
						CreatedOnToolsVersion = 8.2.1;
						DevelopmentTeam = V8AZ23YEL4;
						LastSwiftMigration = 1010;
						ProvisioningStyle = Automatic;
					};
					D1C438EE1EC8A86900B0C021 = {
						CreatedOnToolsVersion = 8.2.1;
						DevelopmentTeam = V8AZ23YEL4;
						LastSwiftMigration = 1010;
						ProvisioningStyle = Automatic;
					};
				};
			};
			buildConfigurationList = D1C438E01EC8A86900B0C021 /* Build configuration list for PBXProject "SwiftyAttributedString" */;
			compatibilityVersion = "Xcode 3.2";
			developmentRegion = English;
			hasScannedForEncodings = 0;
			knownRegions = (
				en,
			);
			mainGroup = D1C438DC1EC8A86900B0C021;
			productRefGroup = D1C438E71EC8A86900B0C021 /* Products */;
			projectDirPath = "";
			projectRoot = "";
			targets = (
				D1C438E51EC8A86900B0C021 /* SwiftyAttributedString */,
				D1C438EE1EC8A86900B0C021 /* SwiftyAttributedStringTests */,
			);
		};
/* End PBXProject section */

/* Begin PBXResourcesBuildPhase section */
		D1C438E41EC8A86900B0C021 /* Resources */ = {
			isa = PBXResourcesBuildPhase;
			buildActionMask = 2147483647;
			files = (
			);
			runOnlyForDeploymentPostprocessing = 0;
		};
		D1C438ED1EC8A86900B0C021 /* Resources */ = {
			isa = PBXResourcesBuildPhase;
			buildActionMask = 2147483647;
			files = (
			);
			runOnlyForDeploymentPostprocessing = 0;
		};
/* End PBXResourcesBuildPhase section */

/* Begin PBXSourcesBuildPhase section */
		D1C438E11EC8A86900B0C021 /* Sources */ = {
			isa = PBXSourcesBuildPhase;
			buildActionMask = 2147483647;
			files = (
				D196347121C7B362002F7FBA /* String+Extension.swift in Sources */,
				D1C439381EC8AC8A00B0C021 /* String+AttributeExtension.swift in Sources */,
				D1C439361EC8AC8A00B0C021 /* Attribute.swift in Sources */,
				D196347321C7B37A002F7FBA /* SwiftyAttributedString.swift in Sources */,
				D1C439371EC8AC8A00B0C021 /* NSMutableAttributedString+AttributeExtension.swift in Sources */,
			);
			runOnlyForDeploymentPostprocessing = 0;
		};
		D1C438EB1EC8A86900B0C021 /* Sources */ = {
			isa = PBXSourcesBuildPhase;
			buildActionMask = 2147483647;
			files = (
				D1C438F51EC8A86900B0C021 /* SwiftyAttributedStringTests.swift in Sources */,
			);
			runOnlyForDeploymentPostprocessing = 0;
		};
/* End PBXSourcesBuildPhase section */

/* Begin PBXTargetDependency section */
		D1C438F21EC8A86900B0C021 /* PBXTargetDependency */ = {
			isa = PBXTargetDependency;
			target = D1C438E51EC8A86900B0C021 /* SwiftyAttributedString */;
			targetProxy = D1C438F11EC8A86900B0C021 /* PBXContainerItemProxy */;
		};
/* End PBXTargetDependency section */

/* Begin XCBuildConfiguration section */
		D1C438F81EC8A86900B0C021 /* Debug */ = {
			isa = XCBuildConfiguration;
			buildSettings = {
				ALWAYS_SEARCH_USER_PATHS = NO;
				CLANG_ANALYZER_NONNULL = YES;
				CLANG_CXX_LANGUAGE_STANDARD = "gnu++0x";
				CLANG_CXX_LIBRARY = "libc++";
				CLANG_ENABLE_MODULES = YES;
				CLANG_ENABLE_OBJC_ARC = YES;
				CLANG_WARN_BLOCK_CAPTURE_AUTORELEASING = YES;
				CLANG_WARN_BOOL_CONVERSION = YES;
				CLANG_WARN_COMMA = YES;
				CLANG_WARN_CONSTANT_CONVERSION = YES;
				CLANG_WARN_DEPRECATED_OBJC_IMPLEMENTATIONS = YES;
				CLANG_WARN_DIRECT_OBJC_ISA_USAGE = YES_ERROR;
				CLANG_WARN_DOCUMENTATION_COMMENTS = YES;
				CLANG_WARN_EMPTY_BODY = YES;
				CLANG_WARN_ENUM_CONVERSION = YES;
				CLANG_WARN_INFINITE_RECURSION = YES;
				CLANG_WARN_INT_CONVERSION = YES;
				CLANG_WARN_NON_LITERAL_NULL_CONVERSION = YES;
				CLANG_WARN_OBJC_IMPLICIT_RETAIN_SELF = YES;
				CLANG_WARN_OBJC_LITERAL_CONVERSION = YES;
				CLANG_WARN_OBJC_ROOT_CLASS = YES_ERROR;
				CLANG_WARN_RANGE_LOOP_ANALYSIS = YES;
				CLANG_WARN_STRICT_PROTOTYPES = YES;
				CLANG_WARN_SUSPICIOUS_MOVE = YES;
				CLANG_WARN_UNREACHABLE_CODE = YES;
				CLANG_WARN__DUPLICATE_METHOD_MATCH = YES;
				"CODE_SIGN_IDENTITY[sdk=iphoneos*]" = "iPhone Developer";
				COPY_PHASE_STRIP = NO;
				CURRENT_PROJECT_VERSION = 1;
				DEBUG_INFORMATION_FORMAT = dwarf;
				ENABLE_STRICT_OBJC_MSGSEND = YES;
				ENABLE_TESTABILITY = YES;
				GCC_C_LANGUAGE_STANDARD = gnu99;
				GCC_DYNAMIC_NO_PIC = NO;
				GCC_NO_COMMON_BLOCKS = YES;
				GCC_OPTIMIZATION_LEVEL = 0;
				GCC_PREPROCESSOR_DEFINITIONS = (
					"DEBUG=1",
					"$(inherited)",
				);
				GCC_WARN_64_TO_32_BIT_CONVERSION = YES;
				GCC_WARN_ABOUT_RETURN_TYPE = YES_ERROR;
				GCC_WARN_UNDECLARED_SELECTOR = YES;
				GCC_WARN_UNINITIALIZED_AUTOS = YES_AGGRESSIVE;
				GCC_WARN_UNUSED_FUNCTION = YES;
				GCC_WARN_UNUSED_VARIABLE = YES;
				IPHONEOS_DEPLOYMENT_TARGET = 10.2;
				MTL_ENABLE_DEBUG_INFO = YES;
				ONLY_ACTIVE_ARCH = YES;
				SDKROOT = iphoneos;
				SWIFT_ACTIVE_COMPILATION_CONDITIONS = DEBUG;
				SWIFT_OPTIMIZATION_LEVEL = "-Onone";
				TARGETED_DEVICE_FAMILY = "1,2";
				VERSIONING_SYSTEM = "apple-generic";
				VERSION_INFO_PREFIX = "";
			};
			name = Debug;
		};
		D1C438F91EC8A86900B0C021 /* Release */ = {
			isa = XCBuildConfiguration;
			buildSettings = {
				ALWAYS_SEARCH_USER_PATHS = NO;
				CLANG_ANALYZER_NONNULL = YES;
				CLANG_CXX_LANGUAGE_STANDARD = "gnu++0x";
				CLANG_CXX_LIBRARY = "libc++";
				CLANG_ENABLE_MODULES = YES;
				CLANG_ENABLE_OBJC_ARC = YES;
				CLANG_WARN_BLOCK_CAPTURE_AUTORELEASING = YES;
				CLANG_WARN_BOOL_CONVERSION = YES;
				CLANG_WARN_COMMA = YES;
				CLANG_WARN_CONSTANT_CONVERSION = YES;
				CLANG_WARN_DEPRECATED_OBJC_IMPLEMENTATIONS = YES;
				CLANG_WARN_DIRECT_OBJC_ISA_USAGE = YES_ERROR;
				CLANG_WARN_DOCUMENTATION_COMMENTS = YES;
				CLANG_WARN_EMPTY_BODY = YES;
				CLANG_WARN_ENUM_CONVERSION = YES;
				CLANG_WARN_INFINITE_RECURSION = YES;
				CLANG_WARN_INT_CONVERSION = YES;
				CLANG_WARN_NON_LITERAL_NULL_CONVERSION = YES;
				CLANG_WARN_OBJC_IMPLICIT_RETAIN_SELF = YES;
				CLANG_WARN_OBJC_LITERAL_CONVERSION = YES;
				CLANG_WARN_OBJC_ROOT_CLASS = YES_ERROR;
				CLANG_WARN_RANGE_LOOP_ANALYSIS = YES;
				CLANG_WARN_STRICT_PROTOTYPES = YES;
				CLANG_WARN_SUSPICIOUS_MOVE = YES;
				CLANG_WARN_UNREACHABLE_CODE = YES;
				CLANG_WARN__DUPLICATE_METHOD_MATCH = YES;
				"CODE_SIGN_IDENTITY[sdk=iphoneos*]" = "iPhone Developer";
				COPY_PHASE_STRIP = NO;
				CURRENT_PROJECT_VERSION = 1;
				DEBUG_INFORMATION_FORMAT = "dwarf-with-dsym";
				ENABLE_NS_ASSERTIONS = NO;
				ENABLE_STRICT_OBJC_MSGSEND = YES;
				GCC_C_LANGUAGE_STANDARD = gnu99;
				GCC_NO_COMMON_BLOCKS = YES;
				GCC_WARN_64_TO_32_BIT_CONVERSION = YES;
				GCC_WARN_ABOUT_RETURN_TYPE = YES_ERROR;
				GCC_WARN_UNDECLARED_SELECTOR = YES;
				GCC_WARN_UNINITIALIZED_AUTOS = YES_AGGRESSIVE;
				GCC_WARN_UNUSED_FUNCTION = YES;
				GCC_WARN_UNUSED_VARIABLE = YES;
				IPHONEOS_DEPLOYMENT_TARGET = 10.2;
				MTL_ENABLE_DEBUG_INFO = NO;
				SDKROOT = iphoneos;
				SWIFT_OPTIMIZATION_LEVEL = "-Owholemodule";
				TARGETED_DEVICE_FAMILY = "1,2";
				VALIDATE_PRODUCT = YES;
				VERSIONING_SYSTEM = "apple-generic";
				VERSION_INFO_PREFIX = "";
			};
			name = Release;
		};
		D1C438FB1EC8A86900B0C021 /* Debug */ = {
			isa = XCBuildConfiguration;
			buildSettings = {
				CLANG_ENABLE_MODULES = YES;
				CODE_SIGN_IDENTITY = "";
				DEFINES_MODULE = YES;
				DEVELOPMENT_TEAM = V8AZ23YEL4;
				DYLIB_COMPATIBILITY_VERSION = 1;
				DYLIB_CURRENT_VERSION = 1;
				DYLIB_INSTALL_NAME_BASE = "@rpath";
				FRAMEWORK_SEARCH_PATHS = (
					"$(inherited)",
					"$(PROJECT_DIR)/Carthage/Build/iOS",
				);
				INFOPLIST_FILE = SwiftyAttributedString/Info.plist;
				INSTALL_PATH = "$(LOCAL_LIBRARY_DIR)/Frameworks";
				IPHONEOS_DEPLOYMENT_TARGET = 8.0;
				LD_RUNPATH_SEARCH_PATHS = "$(inherited) @executable_path/Frameworks @loader_path/Frameworks";
				PRODUCT_BUNDLE_IDENTIFIER = com.YutoAkiba.SwiftyAttributedString;
				PRODUCT_NAME = "$(TARGET_NAME)";
				SKIP_INSTALL = YES;
				SWIFT_OPTIMIZATION_LEVEL = "-Onone";
				SWIFT_SWIFT3_OBJC_INFERENCE = On;
				SWIFT_VERSION = 4.2;
			};
			name = Debug;
		};
		D1C438FC1EC8A86900B0C021 /* Release */ = {
			isa = XCBuildConfiguration;
			buildSettings = {
				CLANG_ENABLE_MODULES = YES;
				CODE_SIGN_IDENTITY = "";
				DEFINES_MODULE = YES;
				DEVELOPMENT_TEAM = V8AZ23YEL4;
				DYLIB_COMPATIBILITY_VERSION = 1;
				DYLIB_CURRENT_VERSION = 1;
				DYLIB_INSTALL_NAME_BASE = "@rpath";
				FRAMEWORK_SEARCH_PATHS = (
					"$(inherited)",
					"$(PROJECT_DIR)/Carthage/Build/iOS",
				);
				INFOPLIST_FILE = SwiftyAttributedString/Info.plist;
				INSTALL_PATH = "$(LOCAL_LIBRARY_DIR)/Frameworks";
				IPHONEOS_DEPLOYMENT_TARGET = 8.0;
				LD_RUNPATH_SEARCH_PATHS = "$(inherited) @executable_path/Frameworks @loader_path/Frameworks";
				PRODUCT_BUNDLE_IDENTIFIER = com.YutoAkiba.SwiftyAttributedString;
				PRODUCT_NAME = "$(TARGET_NAME)";
				SKIP_INSTALL = YES;
				SWIFT_SWIFT3_OBJC_INFERENCE = On;
				SWIFT_VERSION = 4.2;
			};
			name = Release;
		};
		D1C438FE1EC8A86900B0C021 /* Debug */ = {
			isa = XCBuildConfiguration;
			buildSettings = {
				ALWAYS_EMBED_SWIFT_STANDARD_LIBRARIES = YES;
				DEVELOPMENT_TEAM = V8AZ23YEL4;
				INFOPLIST_FILE = SwiftyAttributedStringTests/Info.plist;
				LD_RUNPATH_SEARCH_PATHS = "$(inherited) @executable_path/Frameworks @loader_path/Frameworks";
				PRODUCT_BUNDLE_IDENTIFIER = com.YutoAkiba.SwiftyAttributedStringTests;
				PRODUCT_NAME = "$(TARGET_NAME)";
				SWIFT_SWIFT3_OBJC_INFERENCE = On;
				SWIFT_VERSION = 4.2;
			};
			name = Debug;
		};
		D1C438FF1EC8A86900B0C021 /* Release */ = {
			isa = XCBuildConfiguration;
			buildSettings = {
				ALWAYS_EMBED_SWIFT_STANDARD_LIBRARIES = YES;
				DEVELOPMENT_TEAM = V8AZ23YEL4;
				INFOPLIST_FILE = SwiftyAttributedStringTests/Info.plist;
				LD_RUNPATH_SEARCH_PATHS = "$(inherited) @executable_path/Frameworks @loader_path/Frameworks";
				PRODUCT_BUNDLE_IDENTIFIER = com.YutoAkiba.SwiftyAttributedStringTests;
				PRODUCT_NAME = "$(TARGET_NAME)";
				SWIFT_SWIFT3_OBJC_INFERENCE = On;
				SWIFT_VERSION = 4.2;
			};
			name = Release;
		};
/* End XCBuildConfiguration section */

/* Begin XCConfigurationList section */
		D1C438E01EC8A86900B0C021 /* Build configuration list for PBXProject "SwiftyAttributedString" */ = {
			isa = XCConfigurationList;
			buildConfigurations = (
				D1C438F81EC8A86900B0C021 /* Debug */,
				D1C438F91EC8A86900B0C021 /* Release */,
			);
			defaultConfigurationIsVisible = 0;
			defaultConfigurationName = Release;
		};
		D1C438FA1EC8A86900B0C021 /* Build configuration list for PBXNativeTarget "SwiftyAttributedString" */ = {
			isa = XCConfigurationList;
			buildConfigurations = (
				D1C438FB1EC8A86900B0C021 /* Debug */,
				D1C438FC1EC8A86900B0C021 /* Release */,
			);
			defaultConfigurationIsVisible = 0;
			defaultConfigurationName = Release;
		};
		D1C438FD1EC8A86900B0C021 /* Build configuration list for PBXNativeTarget "SwiftyAttributedStringTests" */ = {
			isa = XCConfigurationList;
			buildConfigurations = (
				D1C438FE1EC8A86900B0C021 /* Debug */,
				D1C438FF1EC8A86900B0C021 /* Release */,
			);
			defaultConfigurationIsVisible = 0;
			defaultConfigurationName = Release;
		};
/* End XCConfigurationList section */
	};
	rootObject = D1C438DD1EC8A86900B0C021 /* Project object */;
}
