// !$*UTF8*$!
{
	archiveVersion = 1;
	classes = {
	};
	objectVersion = 46;
	objects = {

/* Begin PBXBuildFile section */
		D150FB1B1EC975EA0099845C /* AppDelegate.swift in Sources */ = {isa = PBXBuildFile; fileRef = D150FB1A1EC975EA0099845C /* AppDelegate.swift */; };
		D150FB1D1EC975EA0099845C /* ViewController.swift in Sources */ = {isa = PBXBuildFile; fileRef = D150FB1C1EC975EA0099845C /* ViewController.swift */; };
		D150FB201EC975EA0099845C /* Main.storyboard in Resources */ = {isa = PBXBuildFile; fileRef = D150FB1E1EC975EA0099845C /* Main.storyboard */; };
		D150FB221EC975EA0099845C /* Assets.xcassets in Resources */ = {isa = PBXBuildFile; fileRef = D150FB211EC975EA0099845C /* Assets.xcassets */; };
		D150FB251EC975EA0099845C /* LaunchScreen.storyboard in Resources */ = {isa = PBXBuildFile; fileRef = D150FB231EC975EA0099845C /* LaunchScreen.storyboard */; };
		D150FB301EC975EA0099845C /* ExampleTests.swift in Sources */ = {isa = PBXBuildFile; fileRef = D150FB2F1EC975EA0099845C /* ExampleTests.swift */; };
		D150FB431EC976040099845C /* SwiftyAttributedString.framework in Frameworks */ = {isa = PBXBuildFile; fileRef = D150FB401EC975FD0099845C /* SwiftyAttributedString.framework */; };
/* End PBXBuildFile section */

/* Begin PBXContainerItemProxy section */
		D150FB2C1EC975EA0099845C /* PBXContainerItemProxy */ = {
			isa = PBXContainerItemProxy;
			containerPortal = D150FB0F1EC975EA0099845C /* Project object */;
			proxyType = 1;
			remoteGlobalIDString = D150FB161EC975EA0099845C;
			remoteInfo = Example;
		};
		D150FB3F1EC975FD0099845C /* PBXContainerItemProxy */ = {
			isa = PBXContainerItemProxy;
			containerPortal = D150FB3A1EC975FC0099845C /* SwiftyAttributedString.xcodeproj */;
			proxyType = 2;
			remoteGlobalIDString = D1C438E61EC8A86900B0C021;
			remoteInfo = SwiftyAttributedString;
		};
		D150FB411EC975FD0099845C /* PBXContainerItemProxy */ = {
			isa = PBXContainerItemProxy;
			containerPortal = D150FB3A1EC975FC0099845C /* SwiftyAttributedString.xcodeproj */;
			proxyType = 2;
			remoteGlobalIDString = D1C438EF1EC8A86900B0C021;
			remoteInfo = SwiftyAttributedStringTests;
		};
/* End PBXContainerItemProxy section */

/* Begin PBXFileReference section */
		D150FB171EC975EA0099845C /* Example.app */ = {isa = PBXFileReference; explicitFileType = wrapper.application; includeInIndex = 0; path = Example.app; sourceTree = BUILT_PRODUCTS_DIR; };
		D150FB1A1EC975EA0099845C /* AppDelegate.swift */ = {isa = PBXFileReference; lastKnownFileType = sourcecode.swift; path = AppDelegate.swift; sourceTree = "<group>"; };
		D150FB1C1EC975EA0099845C /* ViewController.swift */ = {isa = PBXFileReference; lastKnownFileType = sourcecode.swift; path = ViewController.swift; sourceTree = "<group>"; };
		D150FB1F1EC975EA0099845C /* Base */ = {isa = PBXFileReference; lastKnownFileType = file.storyboard; name = Base; path = Base.lproj/Main.storyboard; sourceTree = "<group>"; };
		D150FB211EC975EA0099845C /* Assets.xcassets */ = {isa = PBXFileReference; lastKnownFileType = folder.assetcatalog; path = Assets.xcassets; sourceTree = "<group>"; };
		D150FB241EC975EA0099845C /* Base */ = {isa = PBXFileReference; lastKnownFileType = file.storyboard; name = Base; path = Base.lproj/LaunchScreen.storyboard; sourceTree = "<group>"; };
		D150FB261EC975EA0099845C /* Info.plist */ = {isa = PBXFileReference; lastKnownFileType = text.plist.xml; path = Info.plist; sourceTree = "<group>"; };
		D150FB2B1EC975EA0099845C /* ExampleTests.xctest */ = {isa = PBXFileReference; explicitFileType = wrapper.cfbundle; includeInIndex = 0; path = ExampleTests.xctest; sourceTree = BUILT_PRODUCTS_DIR; };
		D150FB2F1EC975EA0099845C /* ExampleTests.swift */ = {isa = PBXFileReference; lastKnownFileType = sourcecode.swift; path = ExampleTests.swift; sourceTree = "<group>"; };
		D150FB311EC975EA0099845C /* Info.plist */ = {isa = PBXFileReference; lastKnownFileType = text.plist.xml; path = Info.plist; sourceTree = "<group>"; };
		D150FB3A1EC975FC0099845C /* SwiftyAttributedString.xcodeproj */ = {isa = PBXFileReference; lastKnownFileType = "wrapper.pb-project"; name = SwiftyAttributedString.xcodeproj; path = ../SwiftyAttributedString.xcodeproj; sourceTree = "<group>"; };
/* End PBXFileReference section */

/* Begin PBXFrameworksBuildPhase section */
		D150FB141EC975EA0099845C /* Frameworks */ = {
			isa = PBXFrameworksBuildPhase;
			buildActionMask = 2147483647;
			files = (
				D150FB431EC976040099845C /* SwiftyAttributedString.framework in Frameworks */,
			);
			runOnlyForDeploymentPostprocessing = 0;
		};
		D150FB281EC975EA0099845C /* Frameworks */ = {
			isa = PBXFrameworksBuildPhase;
			buildActionMask = 2147483647;
			files = (
			);
			runOnlyForDeploymentPostprocessing = 0;
		};
/* End PBXFrameworksBuildPhase section */

/* Begin PBXGroup section */
		D150FB0E1EC975EA0099845C = {
			isa = PBXGroup;
			children = (
				D150FB3A1EC975FC0099845C /* SwiftyAttributedString.xcodeproj */,
				D150FB191EC975EA0099845C /* Example */,
				D150FB2E1EC975EA0099845C /* ExampleTests */,
				D150FB181EC975EA0099845C /* Products */,
			);
			sourceTree = "<group>";
		};
		D150FB181EC975EA0099845C /* Products */ = {
			isa = PBXGroup;
			children = (
				D150FB171EC975EA0099845C /* Example.app */,
				D150FB2B1EC975EA0099845C /* ExampleTests.xctest */,
			);
			name = Products;
			sourceTree = "<group>";
		};
		D150FB191EC975EA0099845C /* Example */ = {
			isa = PBXGroup;
			children = (
				D150FB1A1EC975EA0099845C /* AppDelegate.swift */,
				D150FB1C1EC975EA0099845C /* ViewController.swift */,
				D150FB1E1EC975EA0099845C /* Main.storyboard */,
				D150FB211EC975EA0099845C /* Assets.xcassets */,
				D150FB231EC975EA0099845C /* LaunchScreen.storyboard */,
				D150FB261EC975EA0099845C /* Info.plist */,
			);
			path = Example;
			sourceTree = "<group>";
		};
		D150FB2E1EC975EA0099845C /* ExampleTests */ = {
			isa = PBXGroup;
			children = (
				D150FB2F1EC975EA0099845C /* ExampleTests.swift */,
				D150FB311EC975EA0099845C /* Info.plist */,
			);
			path = ExampleTests;
			sourceTree = "<group>";
		};
		D150FB3B1EC975FC0099845C /* Products */ = {
			isa = PBXGroup;
			children = (
				D150FB401EC975FD0099845C /* SwiftyAttributedString.framework */,
				D150FB421EC975FD0099845C /* SwiftyAttributedStringTests.xctest */,
			);
			name = Products;
			sourceTree = "<group>";
		};
/* End PBXGroup section */

/* Begin PBXNativeTarget section */
		D150FB161EC975EA0099845C /* Example */ = {
			isa = PBXNativeTarget;
			buildConfigurationList = D150FB341EC975EA0099845C /* Build configuration list for PBXNativeTarget "Example" */;
			buildPhases = (
				D150FB131EC975EA0099845C /* Sources */,
				D150FB141EC975EA0099845C /* Frameworks */,
				D150FB151EC975EA0099845C /* Resources */,
			);
			buildRules = (
			);
			dependencies = (
			);
			name = Example;
			productName = Example;
			productReference = D150FB171EC975EA0099845C /* Example.app */;
			productType = "com.apple.product-type.application";
		};
		D150FB2A1EC975EA0099845C /* ExampleTests */ = {
			isa = PBXNativeTarget;
			buildConfigurationList = D150FB371EC975EA0099845C /* Build configuration list for PBXNativeTarget "ExampleTests" */;
			buildPhases = (
				D150FB271EC975EA0099845C /* Sources */,
				D150FB281EC975EA0099845C /* Frameworks */,
				D150FB291EC975EA0099845C /* Resources */,
			);
			buildRules = (
			);
			dependencies = (
				D150FB2D1EC975EA0099845C /* PBXTargetDependency */,
			);
			name = ExampleTests;
			productName = ExampleTests;
			productReference = D150FB2B1EC975EA0099845C /* ExampleTests.xctest */;
			productType = "com.apple.product-type.bundle.unit-test";
		};
/* End PBXNativeTarget section */

/* Begin PBXProject section */
		D150FB0F1EC975EA0099845C /* Project object */ = {
			isa = PBXProject;
			attributes = {
				LastSwiftUpdateCheck = 0820;
				LastUpgradeCheck = 0820;
				ORGANIZATIONNAME = "Yuto Akiba";
				TargetAttributes = {
					D150FB161EC975EA0099845C = {
						CreatedOnToolsVersion = 8.2.1;
						DevelopmentTeam = V8AZ23YEL4;
						ProvisioningStyle = Automatic;
					};
					D150FB2A1EC975EA0099845C = {
						CreatedOnToolsVersion = 8.2.1;
						DevelopmentTeam = V8AZ23YEL4;
						ProvisioningStyle = Automatic;
						TestTargetID = D150FB161EC975EA0099845C;
					};
				};
			};
			buildConfigurationList = D150FB121EC975EA0099845C /* Build configuration list for PBXProject "Example" */;
			compatibilityVersion = "Xcode 3.2";
			developmentRegion = English;
			hasScannedForEncodings = 0;
			knownRegions = (
				en,
				Base,
			);
			mainGroup = D150FB0E1EC975EA0099845C;
			productRefGroup = D150FB181EC975EA0099845C /* Products */;
			projectDirPath = "";
			projectReferences = (
				{
					ProductGroup = D150FB3B1EC975FC0099845C /* Products */;
					ProjectRef = D150FB3A1EC975FC0099845C /* SwiftyAttributedString.xcodeproj */;
				},
			);
			projectRoot = "";
			targets = (
				D150FB161EC975EA0099845C /* Example */,
				D150FB2A1EC975EA0099845C /* ExampleTests */,
			);
		};
/* End PBXProject section */

/* Begin PBXReferenceProxy section */
		D150FB401EC975FD0099845C /* SwiftyAttributedString.framework */ = {
			isa = PBXReferenceProxy;
			fileType = wrapper.framework;
			path = SwiftyAttributedString.framework;
			remoteRef = D150FB3F1EC975FD0099845C /* PBXContainerItemProxy */;
			sourceTree = BUILT_PRODUCTS_DIR;
		};
		D150FB421EC975FD0099845C /* SwiftyAttributedStringTests.xctest */ = {
			isa = PBXReferenceProxy;
			fileType = wrapper.cfbundle;
			path = SwiftyAttributedStringTests.xctest;
			remoteRef = D150FB411EC975FD0099845C /* PBXContainerItemProxy */;
			sourceTree = BUILT_PRODUCTS_DIR;
		};
/* End PBXReferenceProxy section */

/* Begin PBXResourcesBuildPhase section */
		D150FB151EC975EA0099845C /* Resources */ = {
			isa = PBXResourcesBuildPhase;
			buildActionMask = 2147483647;
			files = (
				D150FB251EC975EA0099845C /* LaunchScreen.storyboard in Resources */,
				D150FB221EC975EA0099845C /* Assets.xcassets in Resources */,
				D150FB201EC975EA0099845C /* Main.storyboard in Resources */,
			);
			runOnlyForDeploymentPostprocessing = 0;
		};
		D150FB291EC975EA0099845C /* Resources */ = {
			isa = PBXResourcesBuildPhase;
			buildActionMask = 2147483647;
			files = (
			);
			runOnlyForDeploymentPostprocessing = 0;
		};
/* End PBXResourcesBuildPhase section */

/* Begin PBXSourcesBuildPhase section */
		D150FB131EC975EA0099845C /* Sources */ = {
			isa = PBXSourcesBuildPhase;
			buildActionMask = 2147483647;
			files = (
				D150FB1D1EC975EA0099845C /* ViewController.swift in Sources */,
				D150FB1B1EC975EA0099845C /* AppDelegate.swift in Sources */,
			);
			runOnlyForDeploymentPostprocessing = 0;
		};
		D150FB271EC975EA0099845C /* Sources */ = {
			isa = PBXSourcesBuildPhase;
			buildActionMask = 2147483647;
			files = (
				D150FB301EC975EA0099845C /* ExampleTests.swift in Sources */,
			);
			runOnlyForDeploymentPostprocessing = 0;
		};
/* End PBXSourcesBuildPhase section */

/* Begin PBXTargetDependency section */
		D150FB2D1EC975EA0099845C /* PBXTargetDependency */ = {
			isa = PBXTargetDependency;
			target = D150FB161EC975EA0099845C /* Example */;
			targetProxy = D150FB2C1EC975EA0099845C /* PBXContainerItemProxy */;
		};
/* End PBXTargetDependency section */

/* Begin PBXVariantGroup section */
		D150FB1E1EC975EA0099845C /* Main.storyboard */ = {
			isa = PBXVariantGroup;
			children = (
				D150FB1F1EC975EA0099845C /* Base */,
			);
			name = Main.storyboard;
			sourceTree = "<group>";
		};
		D150FB231EC975EA0099845C /* LaunchScreen.storyboard */ = {
			isa = PBXVariantGroup;
			children = (
				D150FB241EC975EA0099845C /* Base */,
			);
			name = LaunchScreen.storyboard;
			sourceTree = "<group>";
		};
/* End PBXVariantGroup section */

/* Begin XCBuildConfiguration section */
		D150FB321EC975EA0099845C /* Debug */ = {
			isa = XCBuildConfiguration;
			buildSettings = {
				ALWAYS_SEARCH_USER_PATHS = NO;
				CLANG_ANALYZER_NONNULL = YES;
				CLANG_CXX_LANGUAGE_STANDARD = "gnu++0x";
				CLANG_CXX_LIBRARY = "libc++";
				CLANG_ENABLE_MODULES = YES;
				CLANG_ENABLE_OBJC_ARC = YES;
				CLANG_WARN_BOOL_CONVERSION = YES;
				CLANG_WARN_CONSTANT_CONVERSION = YES;
				CLANG_WARN_DIRECT_OBJC_ISA_USAGE = YES_ERROR;
				CLANG_WARN_DOCUMENTATION_COMMENTS = YES;
				CLANG_WARN_EMPTY_BODY = YES;
				CLANG_WARN_ENUM_CONVERSION = YES;
				CLANG_WARN_INFINITE_RECURSION = YES;
				CLANG_WARN_INT_CONVERSION = YES;
				CLANG_WARN_OBJC_ROOT_CLASS = YES_ERROR;
				CLANG_WARN_SUSPICIOUS_MOVE = YES;
				CLANG_WARN_UNREACHABLE_CODE = YES;
				CLANG_WARN__DUPLICATE_METHOD_MATCH = YES;
				"CODE_SIGN_IDENTITY[sdk=iphoneos*]" = "iPhone Developer";
				COPY_PHASE_STRIP = NO;
				DEBUG_INFORMATION_FORMAT = dwarf;
				ENABLE_STRICT_OBJC_MSGSEND = YES;
				ENABLE_TESTABILITY = YES;
				GCC_C_LANGUAGE_STANDARD = gnu99;
				GCC_DYNAMIC_NO_PIC = NO;
				GCC_NO_COMMON_BLOCKS = YES;
				GCC_OPTIMIZATION_LEVEL = 0;
				GCC_PREPROCESSOR_DEFINITIONS = (
					"DEBUG=1",
					"$(inherited)",
				);
				GCC_WARN_64_TO_32_BIT_CONVERSION = YES;
				GCC_WARN_ABOUT_RETURN_TYPE = YES_ERROR;
				GCC_WARN_UNDECLARED_SELECTOR = YES;
				GCC_WARN_UNINITIALIZED_AUTOS = YES_AGGRESSIVE;
				GCC_WARN_UNUSED_FUNCTION = YES;
				GCC_WARN_UNUSED_VARIABLE = YES;
				IPHONEOS_DEPLOYMENT_TARGET = 10.2;
				MTL_ENABLE_DEBUG_INFO = YES;
				ONLY_ACTIVE_ARCH = YES;
				SDKROOT = iphoneos;
				SWIFT_ACTIVE_COMPILATION_CONDITIONS = DEBUG;
				SWIFT_OPTIMIZATION_LEVEL = "-Onone";
				TARGETED_DEVICE_FAMILY = "1,2";
			};
			name = Debug;
		};
		D150FB331EC975EA0099845C /* Release */ = {
			isa = XCBuildConfiguration;
			buildSettings = {
				ALWAYS_SEARCH_USER_PATHS = NO;
				CLANG_ANALYZER_NONNULL = YES;
				CLANG_CXX_LANGUAGE_STANDARD = "gnu++0x";
				CLANG_CXX_LIBRARY = "libc++";
				CLANG_ENABLE_MODULES = YES;
				CLANG_ENABLE_OBJC_ARC = YES;
				CLANG_WARN_BOOL_CONVERSION = YES;
				CLANG_WARN_CONSTANT_CONVERSION = YES;
				CLANG_WARN_DIRECT_OBJC_ISA_USAGE = YES_ERROR;
				CLANG_WARN_DOCUMENTATION_COMMENTS = YES;
				CLANG_WARN_EMPTY_BODY = YES;
				CLANG_WARN_ENUM_CONVERSION = YES;
				CLANG_WARN_INFINITE_RECURSION = YES;
				CLANG_WARN_INT_CONVERSION = YES;
				CLANG_WARN_OBJC_ROOT_CLASS = YES_ERROR;
				CLANG_WARN_SUSPICIOUS_MOVE = YES;
				CLANG_WARN_UNREACHABLE_CODE = YES;
				CLANG_WARN__DUPLICATE_METHOD_MATCH = YES;
				"CODE_SIGN_IDENTITY[sdk=iphoneos*]" = "iPhone Developer";
				COPY_PHASE_STRIP = NO;
				DEBUG_INFORMATION_FORMAT = "dwarf-with-dsym";
				ENABLE_NS_ASSERTIONS = NO;
				ENABLE_STRICT_OBJC_MSGSEND = YES;
				GCC_C_LANGUAGE_STANDARD = gnu99;
				GCC_NO_COMMON_BLOCKS = YES;
				GCC_WARN_64_TO_32_BIT_CONVERSION = YES;
				GCC_WARN_ABOUT_RETURN_TYPE = YES_ERROR;
				GCC_WARN_UNDECLARED_SELECTOR = YES;
				GCC_WARN_UNINITIALIZED_AUTOS = YES_AGGRESSIVE;
				GCC_WARN_UNUSED_FUNCTION = YES;
				GCC_WARN_UNUSED_VARIABLE = YES;
				IPHONEOS_DEPLOYMENT_TARGET = 10.2;
				MTL_ENABLE_DEBUG_INFO = NO;
				SDKROOT = iphoneos;
				SWIFT_OPTIMIZATION_LEVEL = "-Owholemodule";
				TARGETED_DEVICE_FAMILY = "1,2";
				VALIDATE_PRODUCT = YES;
			};
			name = Release;
		};
		D150FB351EC975EA0099845C /* Debug */ = {
			isa = XCBuildConfiguration;
			buildSettings = {
				ASSETCATALOG_COMPILER_APPICON_NAME = AppIcon;
				DEVELOPMENT_TEAM = V8AZ23YEL4;
				INFOPLIST_FILE = Example/Info.plist;
				LD_RUNPATH_SEARCH_PATHS = "$(inherited) @executable_path/Frameworks";
				PRODUCT_BUNDLE_IDENTIFIER = com.YutoAkiba.Example;
				PRODUCT_NAME = "$(TARGET_NAME)";
				SWIFT_VERSION = 3.0;
			};
			name = Debug;
		};
		D150FB361EC975EA0099845C /* Release */ = {
			isa = XCBuildConfiguration;
			buildSettings = {
				ASSETCATALOG_COMPILER_APPICON_NAME = AppIcon;
				DEVELOPMENT_TEAM = V8AZ23YEL4;
				INFOPLIST_FILE = Example/Info.plist;
				LD_RUNPATH_SEARCH_PATHS = "$(inherited) @executable_path/Frameworks";
				PRODUCT_BUNDLE_IDENTIFIER = com.YutoAkiba.Example;
				PRODUCT_NAME = "$(TARGET_NAME)";
				SWIFT_VERSION = 3.0;
			};
			name = Release;
		};
		D150FB381EC975EA0099845C /* Debug */ = {
			isa = XCBuildConfiguration;
			buildSettings = {
				ALWAYS_EMBED_SWIFT_STANDARD_LIBRARIES = YES;
				BUNDLE_LOADER = "$(TEST_HOST)";
				DEVELOPMENT_TEAM = V8AZ23YEL4;
				INFOPLIST_FILE = ExampleTests/Info.plist;
				LD_RUNPATH_SEARCH_PATHS = "$(inherited) @executable_path/Frameworks @loader_path/Frameworks";
				PRODUCT_BUNDLE_IDENTIFIER = com.YutoAkiba.ExampleTests;
				PRODUCT_NAME = "$(TARGET_NAME)";
				SWIFT_VERSION = 3.0;
				TEST_HOST = "$(BUILT_PRODUCTS_DIR)/Example.app/Example";
			};
			name = Debug;
		};
		D150FB391EC975EA0099845C /* Release */ = {
			isa = XCBuildConfiguration;
			buildSettings = {
				ALWAYS_EMBED_SWIFT_STANDARD_LIBRARIES = YES;
				BUNDLE_LOADER = "$(TEST_HOST)";
				DEVELOPMENT_TEAM = V8AZ23YEL4;
				INFOPLIST_FILE = ExampleTests/Info.plist;
				LD_RUNPATH_SEARCH_PATHS = "$(inherited) @executable_path/Frameworks @loader_path/Frameworks";
				PRODUCT_BUNDLE_IDENTIFIER = com.YutoAkiba.ExampleTests;
				PRODUCT_NAME = "$(TARGET_NAME)";
				SWIFT_VERSION = 3.0;
				TEST_HOST = "$(BUILT_PRODUCTS_DIR)/Example.app/Example";
			};
			name = Release;
		};
/* End XCBuildConfiguration section */

/* Begin XCConfigurationList section */
		D150FB121EC975EA0099845C /* Build configuration list for PBXProject "Example" */ = {
			isa = XCConfigurationList;
			buildConfigurations = (
				D150FB321EC975EA0099845C /* Debug */,
				D150FB331EC975EA0099845C /* Release */,
			);
			defaultConfigurationIsVisible = 0;
			defaultConfigurationName = Release;
		};
		D150FB341EC975EA0099845C /* Build configuration list for PBXNativeTarget "Example" */ = {
			isa = XCConfigurationList;
			buildConfigurations = (
				D150FB351EC975EA0099845C /* Debug */,
				D150FB361EC975EA0099845C /* Release */,
			);
			defaultConfigurationIsVisible = 0;
		};
		D150FB371EC975EA0099845C /* Build configuration list for PBXNativeTarget "ExampleTests" */ = {
			isa = XCConfigurationList;
			buildConfigurations = (
				D150FB381EC975EA0099845C /* Debug */,
				D150FB391EC975EA0099845C /* Release */,
			);
			defaultConfigurationIsVisible = 0;
		};
/* End XCConfigurationList section */
	};
	rootObject = D150FB0F1EC975EA0099845C /* Project object */;
}
