// !$*UTF8*$!
{
	archiveVersion = 1;
	classes = {
	};
	objectVersion = 46;
	objects = {

/* Begin PBXBuildFile section */
		D1C4390F1EC8A90C00B0C021 /* AppDelegate.swift in Sources */ = {isa = PBXBuildFile; fileRef = D1C4390E1EC8A90C00B0C021 /* AppDelegate.swift */; };
		D1C439111EC8A90C00B0C021 /* ViewController.swift in Sources */ = {isa = PBXBuildFile; fileRef = D1C439101EC8A90C00B0C021 /* ViewController.swift */; };
		D1C439141EC8A90C00B0C021 /* Main.storyboard in Resources */ = {isa = PBXBuildFile; fileRef = D1C439121EC8A90C00B0C021 /* Main.storyboard */; };
		D1C439161EC8A90C00B0C021 /* Assets.xcassets in Resources */ = {isa = PBXBuildFile; fileRef = D1C439151EC8A90C00B0C021 /* Assets.xcassets */; };
		D1C439191EC8A90C00B0C021 /* LaunchScreen.storyboard in Resources */ = {isa = PBXBuildFile; fileRef = D1C439171EC8A90C00B0C021 /* LaunchScreen.storyboard */; };
		D1C439241EC8A90C00B0C021 /* DemoTests.swift in Sources */ = {isa = PBXBuildFile; fileRef = D1C439231EC8A90C00B0C021 /* DemoTests.swift */; };
		D1C439301EC8AAE500B0C021 /* SwiftyAttributedString.framework in Frameworks */ = {isa = PBXBuildFile; fileRef = D1C4392F1EC8AAE500B0C021 /* SwiftyAttributedString.framework */; };
/* End PBXBuildFile section */

/* Begin PBXContainerItemProxy section */
		D1C439201EC8A90C00B0C021 /* PBXContainerItemProxy */ = {
			isa = PBXContainerItemProxy;
			containerPortal = D1C439031EC8A90C00B0C021 /* Project object */;
			proxyType = 1;
			remoteGlobalIDString = D1C4390A1EC8A90C00B0C021;
			remoteInfo = Demo;
		};
/* End PBXContainerItemProxy section */

/* Begin PBXFileReference section */
		D1C4390B1EC8A90C00B0C021 /* Demo.app */ = {isa = PBXFileReference; explicitFileType = wrapper.application; includeInIndex = 0; path = Demo.app; sourceTree = BUILT_PRODUCTS_DIR; };
		D1C4390E1EC8A90C00B0C021 /* AppDelegate.swift */ = {isa = PBXFileReference; lastKnownFileType = sourcecode.swift; path = AppDelegate.swift; sourceTree = "<group>"; };
		D1C439101EC8A90C00B0C021 /* ViewController.swift */ = {isa = PBXFileReference; lastKnownFileType = sourcecode.swift; path = ViewController.swift; sourceTree = "<group>"; };
		D1C439131EC8A90C00B0C021 /* Base */ = {isa = PBXFileReference; lastKnownFileType = file.storyboard; name = Base; path = Base.lproj/Main.storyboard; sourceTree = "<group>"; };
		D1C439151EC8A90C00B0C021 /* Assets.xcassets */ = {isa = PBXFileReference; lastKnownFileType = folder.assetcatalog; path = Assets.xcassets; sourceTree = "<group>"; };
		D1C439181EC8A90C00B0C021 /* Base */ = {isa = PBXFileReference; lastKnownFileType = file.storyboard; name = Base; path = Base.lproj/LaunchScreen.storyboard; sourceTree = "<group>"; };
		D1C4391A1EC8A90C00B0C021 /* Info.plist */ = {isa = PBXFileReference; lastKnownFileType = text.plist.xml; path = Info.plist; sourceTree = "<group>"; };
		D1C4391F1EC8A90C00B0C021 /* DemoTests.xctest */ = {isa = PBXFileReference; explicitFileType = wrapper.cfbundle; includeInIndex = 0; path = DemoTests.xctest; sourceTree = BUILT_PRODUCTS_DIR; };
		D1C439231EC8A90C00B0C021 /* DemoTests.swift */ = {isa = PBXFileReference; lastKnownFileType = sourcecode.swift; path = DemoTests.swift; sourceTree = "<group>"; };
		D1C439251EC8A90C00B0C021 /* Info.plist */ = {isa = PBXFileReference; lastKnownFileType = text.plist.xml; path = Info.plist; sourceTree = "<group>"; };
		D1C4392F1EC8AAE500B0C021 /* SwiftyAttributedString.framework */ = {isa = PBXFileReference; lastKnownFileType = wrapper.framework; name = SwiftyAttributedString.framework; path = Carthage/Build/iOS/SwiftyAttributedString.framework; sourceTree = "<group>"; };
/* End PBXFileReference section */

/* Begin PBXFrameworksBuildPhase section */
		D1C439081EC8A90C00B0C021 /* Frameworks */ = {
			isa = PBXFrameworksBuildPhase;
			buildActionMask = 2147483647;
			files = (
				D1C439301EC8AAE500B0C021 /* SwiftyAttributedString.framework in Frameworks */,
			);
			runOnlyForDeploymentPostprocessing = 0;
		};
		D1C4391C1EC8A90C00B0C021 /* Frameworks */ = {
			isa = PBXFrameworksBuildPhase;
			buildActionMask = 2147483647;
			files = (
			);
			runOnlyForDeploymentPostprocessing = 0;
		};
/* End PBXFrameworksBuildPhase section */

/* Begin PBXGroup section */
		D1C439021EC8A90C00B0C021 = {
			isa = PBXGroup;
			children = (
				D1C4390D1EC8A90C00B0C021 /* Demo */,
				D1C439221EC8A90C00B0C021 /* DemoTests */,
				D1C4390C1EC8A90C00B0C021 /* Products */,
				D1C4392E1EC8AAE500B0C021 /* Frameworks */,
			);
			sourceTree = "<group>";
		};
		D1C4390C1EC8A90C00B0C021 /* Products */ = {
			isa = PBXGroup;
			children = (
				D1C4390B1EC8A90C00B0C021 /* Demo.app */,
				D1C4391F1EC8A90C00B0C021 /* DemoTests.xctest */,
			);
			name = Products;
			sourceTree = "<group>";
		};
		D1C4390D1EC8A90C00B0C021 /* Demo */ = {
			isa = PBXGroup;
			children = (
				D1C4390E1EC8A90C00B0C021 /* AppDelegate.swift */,
				D1C439101EC8A90C00B0C021 /* ViewController.swift */,
				D1C439121EC8A90C00B0C021 /* Main.storyboard */,
				D1C439151EC8A90C00B0C021 /* Assets.xcassets */,
				D1C439171EC8A90C00B0C021 /* LaunchScreen.storyboard */,
				D1C4391A1EC8A90C00B0C021 /* Info.plist */,
			);
			path = Demo;
			sourceTree = "<group>";
		};
		D1C439221EC8A90C00B0C021 /* DemoTests */ = {
			isa = PBXGroup;
			children = (
				D1C439231EC8A90C00B0C021 /* DemoTests.swift */,
				D1C439251EC8A90C00B0C021 /* Info.plist */,
			);
			path = DemoTests;
			sourceTree = "<group>";
		};
		D1C4392E1EC8AAE500B0C021 /* Frameworks */ = {
			isa = PBXGroup;
			children = (
				D1C4392F1EC8AAE500B0C021 /* SwiftyAttributedString.framework */,
			);
			name = Frameworks;
			sourceTree = "<group>";
		};
/* End PBXGroup section */

/* Begin PBXNativeTarget section */
		D1C4390A1EC8A90C00B0C021 /* Demo */ = {
			isa = PBXNativeTarget;
			buildConfigurationList = D1C439281EC8A90C00B0C021 /* Build configuration list for PBXNativeTarget "Demo" */;
			buildPhases = (
				D1C439071EC8A90C00B0C021 /* Sources */,
				D1C439081EC8A90C00B0C021 /* Frameworks */,
				D1C439091EC8A90C00B0C021 /* Resources */,
				D1C439311EC8AAEC00B0C021 /* ShellScript */,
			);
			buildRules = (
			);
			dependencies = (
			);
			name = Demo;
			productName = Demo;
			productReference = D1C4390B1EC8A90C00B0C021 /* Demo.app */;
			productType = "com.apple.product-type.application";
		};
		D1C4391E1EC8A90C00B0C021 /* DemoTests */ = {
			isa = PBXNativeTarget;
			buildConfigurationList = D1C4392B1EC8A90C00B0C021 /* Build configuration list for PBXNativeTarget "DemoTests" */;
			buildPhases = (
				D1C4391B1EC8A90C00B0C021 /* Sources */,
				D1C4391C1EC8A90C00B0C021 /* Frameworks */,
				D1C4391D1EC8A90C00B0C021 /* Resources */,
			);
			buildRules = (
			);
			dependencies = (
				D1C439211EC8A90C00B0C021 /* PBXTargetDependency */,
			);
			name = DemoTests;
			productName = DemoTests;
			productReference = D1C4391F1EC8A90C00B0C021 /* DemoTests.xctest */;
			productType = "com.apple.product-type.bundle.unit-test";
		};
/* End PBXNativeTarget section */

/* Begin PBXProject section */
		D1C439031EC8A90C00B0C021 /* Project object */ = {
			isa = PBXProject;
			attributes = {
				LastSwiftUpdateCheck = 0820;
				LastUpgradeCheck = 0820;
				ORGANIZATIONNAME = "Yuto Akiba";
				TargetAttributes = {
					D1C4390A1EC8A90C00B0C021 = {
						CreatedOnToolsVersion = 8.2.1;
						DevelopmentTeam = V8AZ23YEL4;
						ProvisioningStyle = Automatic;
					};
					D1C4391E1EC8A90C00B0C021 = {
						CreatedOnToolsVersion = 8.2.1;
						DevelopmentTeam = V8AZ23YEL4;
						ProvisioningStyle = Automatic;
						TestTargetID = D1C4390A1EC8A90C00B0C021;
					};
				};
			};
			buildConfigurationList = D1C439061EC8A90C00B0C021 /* Build configuration list for PBXProject "Demo" */;
			compatibilityVersion = "Xcode 3.2";
			developmentRegion = English;
			hasScannedForEncodings = 0;
			knownRegions = (
				en,
				Base,
			);
			mainGroup = D1C439021EC8A90C00B0C021;
			productRefGroup = D1C4390C1EC8A90C00B0C021 /* Products */;
			projectDirPath = "";
			projectRoot = "";
			targets = (
				D1C4390A1EC8A90C00B0C021 /* Demo */,
				D1C4391E1EC8A90C00B0C021 /* DemoTests */,
			);
		};
/* End PBXProject section */

/* Begin PBXResourcesBuildPhase section */
		D1C439091EC8A90C00B0C021 /* Resources */ = {
			isa = PBXResourcesBuildPhase;
			buildActionMask = 2147483647;
			files = (
				D1C439191EC8A90C00B0C021 /* LaunchScreen.storyboard in Resources */,
				D1C439161EC8A90C00B0C021 /* Assets.xcassets in Resources */,
				D1C439141EC8A90C00B0C021 /* Main.storyboard in Resources */,
			);
			runOnlyForDeploymentPostprocessing = 0;
		};
		D1C4391D1EC8A90C00B0C021 /* Resources */ = {
			isa = PBXResourcesBuildPhase;
			buildActionMask = 2147483647;
			files = (
			);
			runOnlyForDeploymentPostprocessing = 0;
		};
/* End PBXResourcesBuildPhase section */

/* Begin PBXShellScriptBuildPhase section */
		D1C439311EC8AAEC00B0C021 /* ShellScript */ = {
			isa = PBXShellScriptBuildPhase;
			buildActionMask = 2147483647;
			files = (
			);
			inputPaths = (
				"$(SRCROOT)/Carthage/Build/iOS/SwiftyAttributedString.framework",
			);
			outputPaths = (
			);
			runOnlyForDeploymentPostprocessing = 0;
			shellPath = /bin/sh;
			shellScript = "/usr/local/bin/carthage copy-frameworks";
		};
/* End PBXShellScriptBuildPhase section */

/* Begin PBXSourcesBuildPhase section */
		D1C439071EC8A90C00B0C021 /* Sources */ = {
			isa = PBXSourcesBuildPhase;
			buildActionMask = 2147483647;
			files = (
				D1C439111EC8A90C00B0C021 /* ViewController.swift in Sources */,
				D1C4390F1EC8A90C00B0C021 /* AppDelegate.swift in Sources */,
			);
			runOnlyForDeploymentPostprocessing = 0;
		};
		D1C4391B1EC8A90C00B0C021 /* Sources */ = {
			isa = PBXSourcesBuildPhase;
			buildActionMask = 2147483647;
			files = (
				D1C439241EC8A90C00B0C021 /* DemoTests.swift in Sources */,
			);
			runOnlyForDeploymentPostprocessing = 0;
		};
/* End PBXSourcesBuildPhase section */

/* Begin PBXTargetDependency section */
		D1C439211EC8A90C00B0C021 /* PBXTargetDependency */ = {
			isa = PBXTargetDependency;
			target = D1C4390A1EC8A90C00B0C021 /* Demo */;
			targetProxy = D1C439201EC8A90C00B0C021 /* PBXContainerItemProxy */;
		};
/* End PBXTargetDependency section */

/* Begin PBXVariantGroup section */
		D1C439121EC8A90C00B0C021 /* Main.storyboard */ = {
			isa = PBXVariantGroup;
			children = (
				D1C439131EC8A90C00B0C021 /* Base */,
			);
			name = Main.storyboard;
			sourceTree = "<group>";
		};
		D1C439171EC8A90C00B0C021 /* LaunchScreen.storyboard */ = {
			isa = PBXVariantGroup;
			children = (
				D1C439181EC8A90C00B0C021 /* Base */,
			);
			name = LaunchScreen.storyboard;
			sourceTree = "<group>";
		};
/* End PBXVariantGroup section */

/* Begin XCBuildConfiguration section */
		D1C439261EC8A90C00B0C021 /* Debug */ = {
			isa = XCBuildConfiguration;
			buildSettings = {
				ALWAYS_SEARCH_USER_PATHS = NO;
				CLANG_ANALYZER_NONNULL = YES;
				CLANG_CXX_LANGUAGE_STANDARD = "gnu++0x";
				CLANG_CXX_LIBRARY = "libc++";
				CLANG_ENABLE_MODULES = YES;
				CLANG_ENABLE_OBJC_ARC = YES;
				CLANG_WARN_BOOL_CONVERSION = YES;
				CLANG_WARN_CONSTANT_CONVERSION = YES;
				CLANG_WARN_DIRECT_OBJC_ISA_USAGE = YES_ERROR;
				CLANG_WARN_DOCUMENTATION_COMMENTS = YES;
				CLANG_WARN_EMPTY_BODY = YES;
				CLANG_WARN_ENUM_CONVERSION = YES;
				CLANG_WARN_INFINITE_RECURSION = YES;
				CLANG_WARN_INT_CONVERSION = YES;
				CLANG_WARN_OBJC_ROOT_CLASS = YES_ERROR;
				CLANG_WARN_SUSPICIOUS_MOVE = YES;
				CLANG_WARN_UNREACHABLE_CODE = YES;
				CLANG_WARN__DUPLICATE_METHOD_MATCH = YES;
				"CODE_SIGN_IDENTITY[sdk=iphoneos*]" = "iPhone Developer";
				COPY_PHASE_STRIP = NO;
				DEBUG_INFORMATION_FORMAT = dwarf;
				ENABLE_STRICT_OBJC_MSGSEND = YES;
				ENABLE_TESTABILITY = YES;
				GCC_C_LANGUAGE_STANDARD = gnu99;
				GCC_DYNAMIC_NO_PIC = NO;
				GCC_NO_COMMON_BLOCKS = YES;
				GCC_OPTIMIZATION_LEVEL = 0;
				GCC_PREPROCESSOR_DEFINITIONS = (
					"DEBUG=1",
					"$(inherited)",
				);
				GCC_WARN_64_TO_32_BIT_CONVERSION = YES;
				GCC_WARN_ABOUT_RETURN_TYPE = YES_ERROR;
				GCC_WARN_UNDECLARED_SELECTOR = YES;
				GCC_WARN_UNINITIALIZED_AUTOS = YES_AGGRESSIVE;
				GCC_WARN_UNUSED_FUNCTION = YES;
				GCC_WARN_UNUSED_VARIABLE = YES;
				IPHONEOS_DEPLOYMENT_TARGET = 10.2;
				MTL_ENABLE_DEBUG_INFO = YES;
				ONLY_ACTIVE_ARCH = YES;
				SDKROOT = iphoneos;
				SWIFT_ACTIVE_COMPILATION_CONDITIONS = DEBUG;
				SWIFT_OPTIMIZATION_LEVEL = "-Onone";
				TARGETED_DEVICE_FAMILY = "1,2";
			};
			name = Debug;
		};
		D1C439271EC8A90C00B0C021 /* Release */ = {
			isa = XCBuildConfiguration;
			buildSettings = {
				ALWAYS_SEARCH_USER_PATHS = NO;
				CLANG_ANALYZER_NONNULL = YES;
				CLANG_CXX_LANGUAGE_STANDARD = "gnu++0x";
				CLANG_CXX_LIBRARY = "libc++";
				CLANG_ENABLE_MODULES = YES;
				CLANG_ENABLE_OBJC_ARC = YES;
				CLANG_WARN_BOOL_CONVERSION = YES;
				CLANG_WARN_CONSTANT_CONVERSION = YES;
				CLANG_WARN_DIRECT_OBJC_ISA_USAGE = YES_ERROR;
				CLANG_WARN_DOCUMENTATION_COMMENTS = YES;
				CLANG_WARN_EMPTY_BODY = YES;
				CLANG_WARN_ENUM_CONVERSION = YES;
				CLANG_WARN_INFINITE_RECURSION = YES;
				CLANG_WARN_INT_CONVERSION = YES;
				CLANG_WARN_OBJC_ROOT_CLASS = YES_ERROR;
				CLANG_WARN_SUSPICIOUS_MOVE = YES;
				CLANG_WARN_UNREACHABLE_CODE = YES;
				CLANG_WARN__DUPLICATE_METHOD_MATCH = YES;
				"CODE_SIGN_IDENTITY[sdk=iphoneos*]" = "iPhone Developer";
				COPY_PHASE_STRIP = NO;
				DEBUG_INFORMATION_FORMAT = "dwarf-with-dsym";
				ENABLE_NS_ASSERTIONS = NO;
				ENABLE_STRICT_OBJC_MSGSEND = YES;
				GCC_C_LANGUAGE_STANDARD = gnu99;
				GCC_NO_COMMON_BLOCKS = YES;
				GCC_WARN_64_TO_32_BIT_CONVERSION = YES;
				GCC_WARN_ABOUT_RETURN_TYPE = YES_ERROR;
				GCC_WARN_UNDECLARED_SELECTOR = YES;
				GCC_WARN_UNINITIALIZED_AUTOS = YES_AGGRESSIVE;
				GCC_WARN_UNUSED_FUNCTION = YES;
				GCC_WARN_UNUSED_VARIABLE = YES;
				IPHONEOS_DEPLOYMENT_TARGET = 10.2;
				MTL_ENABLE_DEBUG_INFO = NO;
				SDKROOT = iphoneos;
				SWIFT_OPTIMIZATION_LEVEL = "-Owholemodule";
				TARGETED_DEVICE_FAMILY = "1,2";
				VALIDATE_PRODUCT = YES;
			};
			name = Release;
		};
		D1C439291EC8A90C00B0C021 /* Debug */ = {
			isa = XCBuildConfiguration;
			buildSettings = {
				ASSETCATALOG_COMPILER_APPICON_NAME = AppIcon;
				DEVELOPMENT_TEAM = V8AZ23YEL4;
				FRAMEWORK_SEARCH_PATHS = (
					"$(inherited)",
					"$(PROJECT_DIR)/Carthage/Build/iOS",
				);
				INFOPLIST_FILE = Demo/Info.plist;
				LD_RUNPATH_SEARCH_PATHS = "$(inherited) @executable_path/Frameworks";
				PRODUCT_BUNDLE_IDENTIFIER = com.YutoAkiba.Demo;
				PRODUCT_NAME = "$(TARGET_NAME)";
				SWIFT_VERSION = 3.0;
			};
			name = Debug;
		};
		D1C4392A1EC8A90C00B0C021 /* Release */ = {
			isa = XCBuildConfiguration;
			buildSettings = {
				ASSETCATALOG_COMPILER_APPICON_NAME = AppIcon;
				DEVELOPMENT_TEAM = V8AZ23YEL4;
				FRAMEWORK_SEARCH_PATHS = (
					"$(inherited)",
					"$(PROJECT_DIR)/Carthage/Build/iOS",
				);
				INFOPLIST_FILE = Demo/Info.plist;
				LD_RUNPATH_SEARCH_PATHS = "$(inherited) @executable_path/Frameworks";
				PRODUCT_BUNDLE_IDENTIFIER = com.YutoAkiba.Demo;
				PRODUCT_NAME = "$(TARGET_NAME)";
				SWIFT_VERSION = 3.0;
			};
			name = Release;
		};
		D1C4392C1EC8A90C00B0C021 /* Debug */ = {
			isa = XCBuildConfiguration;
			buildSettings = {
				ALWAYS_EMBED_SWIFT_STANDARD_LIBRARIES = YES;
				BUNDLE_LOADER = "$(TEST_HOST)";
				DEVELOPMENT_TEAM = V8AZ23YEL4;
				INFOPLIST_FILE = DemoTests/Info.plist;
				LD_RUNPATH_SEARCH_PATHS = "$(inherited) @executable_path/Frameworks @loader_path/Frameworks";
				PRODUCT_BUNDLE_IDENTIFIER = com.YutoAkiba.DemoTests;
				PRODUCT_NAME = "$(TARGET_NAME)";
				SWIFT_VERSION = 3.0;
				TEST_HOST = "$(BUILT_PRODUCTS_DIR)/Demo.app/Demo";
			};
			name = Debug;
		};
		D1C4392D1EC8A90C00B0C021 /* Release */ = {
			isa = XCBuildConfiguration;
			buildSettings = {
				ALWAYS_EMBED_SWIFT_STANDARD_LIBRARIES = YES;
				BUNDLE_LOADER = "$(TEST_HOST)";
				DEVELOPMENT_TEAM = V8AZ23YEL4;
				INFOPLIST_FILE = DemoTests/Info.plist;
				LD_RUNPATH_SEARCH_PATHS = "$(inherited) @executable_path/Frameworks @loader_path/Frameworks";
				PRODUCT_BUNDLE_IDENTIFIER = com.YutoAkiba.DemoTests;
				PRODUCT_NAME = "$(TARGET_NAME)";
				SWIFT_VERSION = 3.0;
				TEST_HOST = "$(BUILT_PRODUCTS_DIR)/Demo.app/Demo";
			};
			name = Release;
		};
/* End XCBuildConfiguration section */

/* Begin XCConfigurationList section */
		D1C439061EC8A90C00B0C021 /* Build configuration list for PBXProject "Demo" */ = {
			isa = XCConfigurationList;
			buildConfigurations = (
				D1C439261EC8A90C00B0C021 /* Debug */,
				D1C439271EC8A90C00B0C021 /* Release */,
			);
			defaultConfigurationIsVisible = 0;
			defaultConfigurationName = Release;
		};
		D1C439281EC8A90C00B0C021 /* Build configuration list for PBXNativeTarget "Demo" */ = {
			isa = XCConfigurationList;
			buildConfigurations = (
				D1C439291EC8A90C00B0C021 /* Debug */,
				D1C4392A1EC8A90C00B0C021 /* Release */,
			);
			defaultConfigurationIsVisible = 0;
			defaultConfigurationName = Release;
		};
		D1C4392B1EC8A90C00B0C021 /* Build configuration list for PBXNativeTarget "DemoTests" */ = {
			isa = XCConfigurationList;
			buildConfigurations = (
				D1C4392C1EC8A90C00B0C021 /* Debug */,
				D1C4392D1EC8A90C00B0C021 /* Release */,
			);
			defaultConfigurationIsVisible = 0;
			defaultConfigurationName = Release;
		};
/* End XCConfigurationList section */
	};
	rootObject = D1C439031EC8A90C00B0C021 /* Project object */;
}
